<?xml version="1.0" encoding="utf-8"?>
<Project ToolsVersion="4.0" xmlns="http://schemas.microsoft.com/developer/msbuild/2003">
  <ItemGroup>
    <Filter Include="资源文件">
      <UniqueIdentifier>{67DA6AB6-F800-4c08-8B7A-83BB121AAD01}</UniqueIdentifier>
      <Extensions>rc;ico;cur;bmp;dlg;rc2;rct;bin;rgs;gif;jpg;jpeg;jpe;resx;tiff;tif;png;wav;mfcribbon-ms</Extensions>
    </Filter>
    <Filter Include="src">
      <UniqueIdentifier>{1bae4a2c-decf-4044-87af-0bab45ddd2f0}</UniqueIdentifier>
    </Filter>
    <Filter Include="src\util">
      <UniqueIdentifier>{c0ed2e23-acee-4eef-82b4-c6fe736957bc}</UniqueIdentifier>
    </Filter>
    <Filter Include="src\render">
      <UniqueIdentifier>{6eeb53ec-37cd-4813-9c3f-5c83fd541c2a}</UniqueIdentifier>
    </Filter>
    <Filter Include="src\render\ImageProcess">
      <UniqueIdentifier>{bf1e6c55-1a3b-48cb-9d65-bd258ff11b99}</UniqueIdentifier>
    </Filter>
  </ItemGroup>
  <ItemGroup>
    <ClCompile Include="src\main.cpp">
      <Filter>src</Filter>
    </ClCompile>
    <ClCompile Include="src\util\RenderUtil.cpp">
      <Filter>src\util</Filter>
    </ClCompile>
    <ClCompile Include="src\render\TestImage.cpp">
      <Filter>src\render</Filter>
    </ClCompile>
    <ClCompile Include="src\render\Texture.cpp">
      <Filter>src\render</Filter>
    </ClCompile>
    <ClCompile Include="src\render\TestFont.cpp">
      <Filter>src\render</Filter>
    </ClCompile>
    <ClCompile Include="src\render\UxSceneManager.cpp">
      <Filter>src\render</Filter>
    </ClCompile>
    <ClCompile Include="src\render\UxBetaParticle.cpp">
      <Filter>src\render</Filter>
    </ClCompile>
    <ClCompile Include="src\util\FileUtil.cpp">
      <Filter>src\util</Filter>
    </ClCompile>
    <ClCompile Include="src\render\ImageProcess\BaseImageRender.cpp">
      <Filter>src\render\ImageProcess</Filter>
    </ClCompile>
    <ClCompile Include="src\render\UxFrameBuffer.cpp">
      <Filter>src\render</Filter>
    </ClCompile>
    <ClCompile Include="src\RefCount.cpp">
      <Filter>src</Filter>
    </ClCompile>
    <ClCompile Include="src\Object.cpp">
      <Filter>src</Filter>
    </ClCompile>
    <ClCompile Include="src\render\ImageProcess\BetaImage.cpp">
      <Filter>src\render\ImageProcess</Filter>
    </ClCompile>
    <ClCompile Include="src\render\ImageProcess\BaseImageProcessor.cpp">
      <Filter>src\render\ImageProcess</Filter>
    </ClCompile>
    <ClCompile Include="src\render\ImageProcess\GaussBlurFilter.cpp">
      <Filter>src\render\ImageProcess</Filter>
    </ClCompile>
  </ItemGroup>
  <ItemGroup>
    <ClInclude Include="src\util\RenderUtil.h">
      <Filter>src\util</Filter>
    </ClInclude>
    <ClInclude Include="src\common.h">
      <Filter>src</Filter>
    </ClInclude>
    <ClInclude Include="src\render\TestImage.h">
      <Filter>src\render</Filter>
    </ClInclude>
    <ClInclude Include="src\render\Texture.h">
      <Filter>src\render</Filter>
    </ClInclude>
    <ClInclude Include="src\render\TestFont.h">
      <Filter>src\render</Filter>
    </ClInclude>
    <ClInclude Include="src\render\UxSceneManager.h">
      <Filter>src\render</Filter>
    </ClInclude>
    <ClInclude Include="src\render\UxBetaParticle.h">
      <Filter>src\render</Filter>
    </ClInclude>
    <ClInclude Include="src\util\FileUtil.h">
      <Filter>src\util</Filter>
    </ClInclude>
    <ClInclude Include="src\render\ImageProcess\BaseImageRender.h">
      <Filter>src\render\ImageProcess</Filter>
    </ClInclude>
    <ClInclude Include="src\render\UxFrameBuffer.h">
      <Filter>src\render</Filter>
    </ClInclude>
    <ClInclude Include="src\RefCount.h">
      <Filter>src</Filter>
    </ClInclude>
    <ClInclude Include="src\Object.h">
      <Filter>src</Filter>
    </ClInclude>
    <ClInclude Include="src\render\ImageProcess\BetaImage.h">
      <Filter>src\render\ImageProcess</Filter>
    </ClInclude>
    <ClInclude Include="src\render\ImageProcess\BaseImageProcessor.h">
      <Filter>src\render\ImageProcess</Filter>
    </ClInclude>
    <ClInclude Include="src\render\ImageProcess\GaussBlurFilter.h">
      <Filter>src\render\ImageProcess</Filter>
    </ClInclude>
    <ClInclude Include="src\render\Shader.hpp">
      <Filter>src\render</Filter>
    </ClInclude>
    <ClInclude Include="src\render\Mesh.hpp">
      <Filter>src\render</Filter>
    </ClInclude>
    <ClInclude Include="src\render\Model.hpp">
      <Filter>src\render</Filter>
    </ClInclude>
    <ClInclude Include="src\render\camera.hpp">
      <Filter>src\render</Filter>
    </ClInclude>
    <ClInclude Include="src\util\stb_image.h">
      <Filter>src\util</Filter>
    </ClInclude>
    <ClInclude Include="src\util\ThreadPool.h">
      <Filter>src</Filter>
    </ClInclude>
  </ItemGroup>
</Project>